{
  "version": 4,
  "terraform_version": "1.12.2",
  "serial": 7,
  "lineage": "75cdcf52-ff8c-4db1-3ce7-15f2133722cd",
  "outputs": {},
  "resources": [
    {
      "mode": "managed",
      "type": "aws_eks_addon",
      "name": "coredns",
      "provider": "provider[\"registry.terraform.io/hashicorp/aws\"]",
      "instances": [
        {
          "schema_version": 0,
          "attributes": {
            "addon_name": "coredns",
            "addon_version": "v1.12.1-eksbuild.2",
            "arn": "arn:aws:eks:ap-south-1:789814231858:addon/gyan-bharatam-uat/coredns/d6cc7cd2-0f30-17eb-7316-71f3b9659333",
            "cluster_name": "gyan-bharatam-uat",
            "configuration_values": "",
            "created_at": "2025-08-30T06:22:19Z",
            "id": "gyan-bharatam-uat:coredns",
            "modified_at": "2025-08-30T06:22:32Z",
            "pod_identity_association": [],
            "preserve": null,
            "region": "ap-south-1",
            "resolve_conflicts_on_create": null,
            "resolve_conflicts_on_update": "PRESERVE",
            "service_account_role_arn": "",
            "tags": null,
            "tags_all": {},
            "timeouts": null
          },
          "sensitive_attributes": [],
          "identity_schema_version": 0,
          "private": "eyJlMmJmYjczMC1lY2FhLTExZTYtOGY4OC0zNDM2M2JjN2M0YzAiOnsiY3JlYXRlIjoxMjAwMDAwMDAwMDAwLCJkZWxldGUiOjI0MDAwMDAwMDAwMDAsInVwZGF0ZSI6MTIwMDAwMDAwMDAwMH19"
        }
      ]
    },
    {
      "mode": "managed",
      "type": "aws_eks_addon",
      "name": "ebs_csi_driver",
      "provider": "provider[\"registry.terraform.io/hashicorp/aws\"]",
      "instances": [
        {
          "schema_version": 0,
          "attributes": {
            "addon_name": "aws-ebs-csi-driver",
            "addon_version": "v1.48.0-eksbuild.1",
            "arn": "arn:aws:eks:ap-south-1:789814231858:addon/gyan-bharatam-uat/aws-ebs-csi-driver/d6cc7cd2-0f2f-0c2a-b2ff-588bbe8f676e",
            "cluster_name": "gyan-bharatam-uat",
            "configuration_values": "",
            "created_at": "2025-08-30T06:22:19Z",
            "id": "gyan-bharatam-uat:aws-ebs-csi-driver",
            "modified_at": "2025-08-30T06:23:10Z",
            "pod_identity_association": [],
            "preserve": null,
            "region": "ap-south-1",
            "resolve_conflicts_on_create": null,
            "resolve_conflicts_on_update": "PRESERVE",
            "service_account_role_arn": "",
            "tags": null,
            "tags_all": {},
            "timeouts": null
          },
          "sensitive_attributes": [],
          "identity_schema_version": 0,
          "private": "eyJlMmJmYjczMC1lY2FhLTExZTYtOGY4OC0zNDM2M2JjN2M0YzAiOnsiY3JlYXRlIjoxMjAwMDAwMDAwMDAwLCJkZWxldGUiOjI0MDAwMDAwMDAwMDAsInVwZGF0ZSI6MTIwMDAwMDAwMDAwMH19"
        }
      ]
    },
    {
      "mode": "managed",
      "type": "aws_eks_addon",
      "name": "efs_csi_driver",
      "provider": "provider[\"registry.terraform.io/hashicorp/aws\"]",
      "instances": [
        {
          "schema_version": 0,
          "attributes": {
            "addon_name": "aws-efs-csi-driver",
            "addon_version": "v2.1.10-eksbuild.1",
            "arn": "arn:aws:eks:ap-south-1:789814231858:addon/gyan-bharatam-uat/aws-efs-csi-driver/18cc7cd2-0f2e-04cf-8597-2af7979bca6a",
            "cluster_name": "gyan-bharatam-uat",
            "configuration_values": "",
            "created_at": "2025-08-30T06:22:19Z",
            "id": "gyan-bharatam-uat:aws-efs-csi-driver",
            "modified_at": "2025-08-30T06:22:45Z",
            "pod_identity_association": [],
            "preserve": null,
            "region": "ap-south-1",
            "resolve_conflicts_on_create": null,
            "resolve_conflicts_on_update": "PRESERVE",
            "service_account_role_arn": "",
            "tags": null,
            "tags_all": {},
            "timeouts": null
          },
          "sensitive_attributes": [],
          "identity_schema_version": 0,
          "private": "eyJlMmJmYjczMC1lY2FhLTExZTYtOGY4OC0zNDM2M2JjN2M0YzAiOnsiY3JlYXRlIjoxMjAwMDAwMDAwMDAwLCJkZWxldGUiOjI0MDAwMDAwMDAwMDAsInVwZGF0ZSI6MTIwMDAwMDAwMDAwMH19"
        }
      ]
    },
    {
      "mode": "managed",
      "type": "aws_eks_addon",
      "name": "kube_proxy",
      "provider": "provider[\"registry.terraform.io/hashicorp/aws\"]",
      "instances": [
        {
          "schema_version": 0,
          "attributes": {
            "addon_name": "kube-proxy",
            "addon_version": "v1.33.0-eksbuild.2",
            "arn": "arn:aws:eks:ap-south-1:789814231858:addon/gyan-bharatam-uat/kube-proxy/9ccc7cd2-0f30-bc13-1aa6-72f8420594e5",
            "cluster_name": "gyan-bharatam-uat",
            "configuration_values": "",
            "created_at": "2025-08-30T06:22:19Z",
            "id": "gyan-bharatam-uat:kube-proxy",
            "modified_at": "2025-08-30T06:22:26Z",
            "pod_identity_association": [],
            "preserve": null,
            "region": "ap-south-1",
            "resolve_conflicts_on_create": null,
            "resolve_conflicts_on_update": "PRESERVE",
            "service_account_role_arn": "",
            "tags": null,
            "tags_all": {},
            "timeouts": null
          },
          "sensitive_attributes": [],
          "identity_schema_version": 0,
          "private": "eyJlMmJmYjczMC1lY2FhLTExZTYtOGY4OC0zNDM2M2JjN2M0YzAiOnsiY3JlYXRlIjoxMjAwMDAwMDAwMDAwLCJkZWxldGUiOjI0MDAwMDAwMDAwMDAsInVwZGF0ZSI6MTIwMDAwMDAwMDAwMH19"
        }
      ]
    },
    {
      "mode": "managed",
      "type": "aws_eks_addon",
      "name": "pod_identity_agent",
      "provider": "provider[\"registry.terraform.io/hashicorp/aws\"]",
      "instances": [
        {
          "schema_version": 0,
          "attributes": {
            "addon_name": "eks-pod-identity-agent",
            "addon_version": "v1.3.8-eksbuild.2",
            "arn": "arn:aws:eks:ap-south-1:789814231858:addon/gyan-bharatam-uat/eks-pod-identity-agent/90cc7cd2-0f32-afb1-292d-5bab2b2d7261",
            "cluster_name": "gyan-bharatam-uat",
            "configuration_values": "",
            "created_at": "2025-08-30T06:22:19Z",
            "id": "gyan-bharatam-uat:eks-pod-identity-agent",
            "modified_at": "2025-08-30T06:22:35Z",
            "pod_identity_association": [],
            "preserve": null,
            "region": "ap-south-1",
            "resolve_conflicts_on_create": null,
            "resolve_conflicts_on_update": "PRESERVE",
            "service_account_role_arn": "",
            "tags": null,
            "tags_all": {},
            "timeouts": null
          },
          "sensitive_attributes": [],
          "identity_schema_version": 0,
          "private": "eyJlMmJmYjczMC1lY2FhLTExZTYtOGY4OC0zNDM2M2JjN2M0YzAiOnsiY3JlYXRlIjoxMjAwMDAwMDAwMDAwLCJkZWxldGUiOjI0MDAwMDAwMDAwMDAsInVwZGF0ZSI6MTIwMDAwMDAwMDAwMH19"
        }
      ]
    },
    {
      "mode": "managed",
      "type": "aws_eks_addon",
      "name": "vpc_cni",
      "provider": "provider[\"registry.terraform.io/hashicorp/aws\"]",
      "instances": [
        {
          "schema_version": 0,
          "attributes": {
            "addon_name": "vpc-cni",
            "addon_version": "v1.19.5-eksbuild.1",
            "arn": "arn:aws:eks:ap-south-1:789814231858:addon/gyan-bharatam-uat/vpc-cni/4ccc7cd2-0f30-834f-6a3d-de9b23718e9c",
            "cluster_name": "gyan-bharatam-uat",
            "configuration_values": "",
            "created_at": "2025-08-30T06:22:19Z",
            "id": "gyan-bharatam-uat:vpc-cni",
            "modified_at": "2025-08-30T06:22:48Z",
            "pod_identity_association": [],
            "preserve": null,
            "region": "ap-south-1",
            "resolve_conflicts_on_create": null,
            "resolve_conflicts_on_update": "PRESERVE",
            "service_account_role_arn": "",
            "tags": null,
            "tags_all": {},
            "timeouts": null
          },
          "sensitive_attributes": [],
          "identity_schema_version": 0,
          "private": "eyJlMmJmYjczMC1lY2FhLTExZTYtOGY4OC0zNDM2M2JjN2M0YzAiOnsiY3JlYXRlIjoxMjAwMDAwMDAwMDAwLCJkZWxldGUiOjI0MDAwMDAwMDAwMDAsInVwZGF0ZSI6MTIwMDAwMDAwMDAwMH19"
        }
      ]
    }
  ],
  "check_results": null
}
